
Microsoft Visual Studio Solution File, Format Version 12.00
# Visual Studio Version 17
VisualStudioVersion = 17.1.32421.90
MinimumVisualStudioVersion = 10.0.40219.1
Project("{FAE04EC0-301F-11D3-BF4B-00C04F79EFBC}") = "ClasseLivro", "ClasseLivro.csproj", "{2325CD0D-6D1A-4083-9FDE-68701CD38FC1}"
EndProject
Global
	GlobalSection(SolutionConfigurationPlatforms) = preSolution
		Debug|Any CPU = Debug|Any CPU
		Release|Any CPU = Release|Any CPU
	EndGlobalSection
	GlobalSection(ProjectConfigurationPlatforms) = postSolution
		{2325CD0D-6D1A-4083-9FDE-68701CD38FC1}.Debug|Any CPU.ActiveCfg = Debug|Any CPU
		{2325CD0D-6D1A-4083-9FDE-68701CD38FC1}.Debug|Any CPU.Build.0 = Debug|Any CPU
		{2325CD0D-6D1A-4083-9FDE-68701CD38FC1}.Release|Any CPU.ActiveCfg = Release|Any CPU
		{2325CD0D-6D1A-4083-9FDE-68701CD38FC1}.Release|Any CPU.Build.0 = Release|Any CPU
	EndGlobalSection
	GlobalSection(SolutionProperties) = preSolution
		HideSolutionNode = FALSE
	EndGlobalSection
	GlobalSection(ExtensibilityGlobals) = postSolution
		SolutionGuid = {C4D4FCE0-A748-4194-A6DB-085E55AEC6AE}
	EndGlobalSection
EndGlobal
