
Microsoft Visual Studio Solution File, Format Version 12.00
# Visual Studio Version 17
VisualStudioVersion = 17.1.32421.90
MinimumVisualStudioVersion = 10.0.40219.1
Project("{FAE04EC0-301F-11D3-BF4B-00C04F79EFBC}") = "Drop6_EscrevendoNomesEEmails", "Drop6_EscrevendoNomesEEmails.csproj", "{18F998D4-7590-4619-801F-E48B6C77FAAE}"
EndProject
Global
	GlobalSection(SolutionConfigurationPlatforms) = preSolution
		Debug|Any CPU = Debug|Any CPU
		Release|Any CPU = Release|Any CPU
	EndGlobalSection
	GlobalSection(ProjectConfigurationPlatforms) = postSolution
		{18F998D4-7590-4619-801F-E48B6C77FAAE}.Debug|Any CPU.ActiveCfg = Debug|Any CPU
		{18F998D4-7590-4619-801F-E48B6C77FAAE}.Debug|Any CPU.Build.0 = Debug|Any CPU
		{18F998D4-7590-4619-801F-E48B6C77FAAE}.Release|Any CPU.ActiveCfg = Release|Any CPU
		{18F998D4-7590-4619-801F-E48B6C77FAAE}.Release|Any CPU.Build.0 = Release|Any CPU
	EndGlobalSection
	GlobalSection(SolutionProperties) = preSolution
		HideSolutionNode = FALSE
	EndGlobalSection
	GlobalSection(ExtensibilityGlobals) = postSolution
		SolutionGuid = {88701754-6C66-4080-A035-D25A8E903793}
	EndGlobalSection
EndGlobal
