
Microsoft Visual Studio Solution File, Format Version 12.00
# Visual Studio Version 17
VisualStudioVersion = 17.1.32421.90
MinimumVisualStudioVersion = 10.0.40219.1
Project("{FAE04EC0-301F-11D3-BF4B-00C04F79EFBC}") = "Drop2_email", "Drop2_email.csproj", "{6A35D6B7-630B-4846-A165-F9431AC1DAA4}"
EndProject
Global
	GlobalSection(SolutionConfigurationPlatforms) = preSolution
		Debug|Any CPU = Debug|Any CPU
		Release|Any CPU = Release|Any CPU
	EndGlobalSection
	GlobalSection(ProjectConfigurationPlatforms) = postSolution
		{6A35D6B7-630B-4846-A165-F9431AC1DAA4}.Debug|Any CPU.ActiveCfg = Debug|Any CPU
		{6A35D6B7-630B-4846-A165-F9431AC1DAA4}.Debug|Any CPU.Build.0 = Debug|Any CPU
		{6A35D6B7-630B-4846-A165-F9431AC1DAA4}.Release|Any CPU.ActiveCfg = Release|Any CPU
		{6A35D6B7-630B-4846-A165-F9431AC1DAA4}.Release|Any CPU.Build.0 = Release|Any CPU
	EndGlobalSection
	GlobalSection(SolutionProperties) = preSolution
		HideSolutionNode = FALSE
	EndGlobalSection
	GlobalSection(ExtensibilityGlobals) = postSolution
		SolutionGuid = {4884E024-8F9B-445C-B0E9-364CCAEE8404}
	EndGlobalSection
EndGlobal
