
Microsoft Visual Studio Solution File, Format Version 12.00
# Visual Studio Version 17
VisualStudioVersion = 17.2.32526.322
MinimumVisualStudioVersion = 10.0.40219.1
Project("{FAE04EC0-301F-11D3-BF4B-00C04F79EFBC}") = "GestaoDeMedidasGlicemicas", "GestaoDeMedidasGlicemicas.csproj", "{ED747E23-C75D-4C9E-AFE8-9178402F95AA}"
EndProject
Global
	GlobalSection(SolutionConfigurationPlatforms) = preSolution
		Debug|Any CPU = Debug|Any CPU
		Release|Any CPU = Release|Any CPU
	EndGlobalSection
	GlobalSection(ProjectConfigurationPlatforms) = postSolution
		{ED747E23-C75D-4C9E-AFE8-9178402F95AA}.Debug|Any CPU.ActiveCfg = Debug|Any CPU
		{ED747E23-C75D-4C9E-AFE8-9178402F95AA}.Debug|Any CPU.Build.0 = Debug|Any CPU
		{ED747E23-C75D-4C9E-AFE8-9178402F95AA}.Release|Any CPU.ActiveCfg = Release|Any CPU
		{ED747E23-C75D-4C9E-AFE8-9178402F95AA}.Release|Any CPU.Build.0 = Release|Any CPU
	EndGlobalSection
	GlobalSection(SolutionProperties) = preSolution
		HideSolutionNode = FALSE
	EndGlobalSection
	GlobalSection(ExtensibilityGlobals) = postSolution
		SolutionGuid = {BC684403-2A11-4D15-970D-AD1F398736F4}
	EndGlobalSection
EndGlobal
