
Microsoft Visual Studio Solution File, Format Version 12.00
# Visual Studio Version 17
VisualStudioVersion = 17.2.32526.322
MinimumVisualStudioVersion = 10.0.40219.1
Project("{FAE04EC0-301F-11D3-BF4B-00C04F79EFBC}") = "ExercicioSerializadorSOAP", "ExercicioSerializadorSOAP.csproj", "{6D0A4EAE-E8AD-49F6-9571-EA04550BBCEB}"
EndProject
Global
	GlobalSection(SolutionConfigurationPlatforms) = preSolution
		Debug|Any CPU = Debug|Any CPU
		Release|Any CPU = Release|Any CPU
	EndGlobalSection
	GlobalSection(ProjectConfigurationPlatforms) = postSolution
		{6D0A4EAE-E8AD-49F6-9571-EA04550BBCEB}.Debug|Any CPU.ActiveCfg = Debug|Any CPU
		{6D0A4EAE-E8AD-49F6-9571-EA04550BBCEB}.Debug|Any CPU.Build.0 = Debug|Any CPU
		{6D0A4EAE-E8AD-49F6-9571-EA04550BBCEB}.Release|Any CPU.ActiveCfg = Release|Any CPU
		{6D0A4EAE-E8AD-49F6-9571-EA04550BBCEB}.Release|Any CPU.Build.0 = Release|Any CPU
	EndGlobalSection
	GlobalSection(SolutionProperties) = preSolution
		HideSolutionNode = FALSE
	EndGlobalSection
	GlobalSection(ExtensibilityGlobals) = postSolution
		SolutionGuid = {234F6B58-43A6-4708-AED7-8708213E3CE0}
	EndGlobalSection
EndGlobal
