
Microsoft Visual Studio Solution File, Format Version 12.00
# Visual Studio Version 17
VisualStudioVersion = 17.1.32421.90
MinimumVisualStudioVersion = 10.0.40219.1
Project("{FAE04EC0-301F-11D3-BF4B-00C04F79EFBC}") = "Exercicio13", "Exercicio13.csproj", "{DA84E05F-A148-4368-B45B-5D34B9B6DD9C}"
EndProject
Global
	GlobalSection(SolutionConfigurationPlatforms) = preSolution
		Debug|Any CPU = Debug|Any CPU
		Release|Any CPU = Release|Any CPU
	EndGlobalSection
	GlobalSection(ProjectConfigurationPlatforms) = postSolution
		{DA84E05F-A148-4368-B45B-5D34B9B6DD9C}.Debug|Any CPU.ActiveCfg = Debug|Any CPU
		{DA84E05F-A148-4368-B45B-5D34B9B6DD9C}.Debug|Any CPU.Build.0 = Debug|Any CPU
		{DA84E05F-A148-4368-B45B-5D34B9B6DD9C}.Release|Any CPU.ActiveCfg = Release|Any CPU
		{DA84E05F-A148-4368-B45B-5D34B9B6DD9C}.Release|Any CPU.Build.0 = Release|Any CPU
	EndGlobalSection
	GlobalSection(SolutionProperties) = preSolution
		HideSolutionNode = FALSE
	EndGlobalSection
	GlobalSection(ExtensibilityGlobals) = postSolution
		SolutionGuid = {CB790EEF-66EE-4A51-859A-F1108D3828B6}
	EndGlobalSection
EndGlobal
