
Microsoft Visual Studio Solution File, Format Version 12.00
# Visual Studio Version 17
VisualStudioVersion = 17.1.32421.90
MinimumVisualStudioVersion = 10.0.40219.1
Project("{FAE04EC0-301F-11D3-BF4B-00C04F79EFBC}") = "Exercicio_16", "Exercicio_16.csproj", "{80891181-C0BC-4FFB-AA97-C9AB0C6933B5}"
EndProject
Global
	GlobalSection(SolutionConfigurationPlatforms) = preSolution
		Debug|Any CPU = Debug|Any CPU
		Release|Any CPU = Release|Any CPU
	EndGlobalSection
	GlobalSection(ProjectConfigurationPlatforms) = postSolution
		{80891181-C0BC-4FFB-AA97-C9AB0C6933B5}.Debug|Any CPU.ActiveCfg = Debug|Any CPU
		{80891181-C0BC-4FFB-AA97-C9AB0C6933B5}.Debug|Any CPU.Build.0 = Debug|Any CPU
		{80891181-C0BC-4FFB-AA97-C9AB0C6933B5}.Release|Any CPU.ActiveCfg = Release|Any CPU
		{80891181-C0BC-4FFB-AA97-C9AB0C6933B5}.Release|Any CPU.Build.0 = Release|Any CPU
	EndGlobalSection
	GlobalSection(SolutionProperties) = preSolution
		HideSolutionNode = FALSE
	EndGlobalSection
	GlobalSection(ExtensibilityGlobals) = postSolution
		SolutionGuid = {0502311D-29D7-4DC6-AE2E-15A549B5C456}
	EndGlobalSection
EndGlobal
